
Microsoft Visual Studio Solution File, Format Version 12.00
# Visual Studio Version 17
VisualStudioVersion = 17.1.32228.430
MinimumVisualStudioVersion = 10.0.40219.1
Project("{FAE04EC0-301F-11D3-BF4B-00C04F79EFBC}") = "Lab3", "Lab3\Lab3.csproj", "{63E40774-7F4A-46BE-8B0A-3F168412A952}"
EndProject
Project("{FAE04EC0-301F-11D3-BF4B-00C04F79EFBC}") = "Motoryzacja", "Motoryzacja\Motoryzacja.csproj", "{DDBBB93A-C384-4E49-BA1D-806434D5452B}"
EndProject
Global
	GlobalSection(SolutionConfigurationPlatforms) = preSolution
		Debug|Any CPU = Debug|Any CPU
		Release|Any CPU = Release|Any CPU
	EndGlobalSection
	GlobalSection(ProjectConfigurationPlatforms) = postSolution
		{63E40774-7F4A-46BE-8B0A-3F168412A952}.Debug|Any CPU.ActiveCfg = Debug|Any CPU
		{63E40774-7F4A-46BE-8B0A-3F168412A952}.Debug|Any CPU.Build.0 = Debug|Any CPU
		{63E40774-7F4A-46BE-8B0A-3F168412A952}.Release|Any CPU.ActiveCfg = Release|Any CPU
		{63E40774-7F4A-46BE-8B0A-3F168412A952}.Release|Any CPU.Build.0 = Release|Any CPU
		{DDBBB93A-C384-4E49-BA1D-806434D5452B}.Debug|Any CPU.ActiveCfg = Debug|Any CPU
		{DDBBB93A-C384-4E49-BA1D-806434D5452B}.Debug|Any CPU.Build.0 = Debug|Any CPU
		{DDBBB93A-C384-4E49-BA1D-806434D5452B}.Release|Any CPU.ActiveCfg = Release|Any CPU
		{DDBBB93A-C384-4E49-BA1D-806434D5452B}.Release|Any CPU.Build.0 = Release|Any CPU
	EndGlobalSection
	GlobalSection(SolutionProperties) = preSolution
		HideSolutionNode = FALSE
	EndGlobalSection
	GlobalSection(ExtensibilityGlobals) = postSolution
		SolutionGuid = {930B0CE6-F086-47B9-9E81-BBEF4548AF86}
	EndGlobalSection
EndGlobal
